
Microsoft Visual Studio Solution File, Format Version 12.00
# Visual Studio Version 17
VisualStudioVersion = 17.5.002.0
MinimumVisualStudioVersion = 10.0.40219.1
Project("{9A19103F-16F7-4668-BE54-9A1E7A4F7556}") = "LabTwo", "LabTwo.csproj", "{30FC0704-7D19-4008-8A5C-E7E2BB17EF0B}"
EndProject
Global
	GlobalSection(SolutionConfigurationPlatforms) = preSolution
		Debug|Any CPU = Debug|Any CPU
		Release|Any CPU = Release|Any CPU
	EndGlobalSection
	GlobalSection(ProjectConfigurationPlatforms) = postSolution
		{30FC0704-7D19-4008-8A5C-E7E2BB17EF0B}.Debug|Any CPU.ActiveCfg = Debug|Any CPU
		{30FC0704-7D19-4008-8A5C-E7E2BB17EF0B}.Debug|Any CPU.Build.0 = Debug|Any CPU
		{30FC0704-7D19-4008-8A5C-E7E2BB17EF0B}.Release|Any CPU.ActiveCfg = Release|Any CPU
		{30FC0704-7D19-4008-8A5C-E7E2BB17EF0B}.Release|Any CPU.Build.0 = Release|Any CPU
	EndGlobalSection
	GlobalSection(SolutionProperties) = preSolution
		HideSolutionNode = FALSE
	EndGlobalSection
	GlobalSection(ExtensibilityGlobals) = postSolution
		SolutionGuid = {AB74F216-23FE-4C6D-83E8-2701217B6E16}
	EndGlobalSection
EndGlobal
