
Microsoft Visual Studio Solution File, Format Version 12.00
# Visual Studio Version 17
VisualStudioVersion = 17.5.002.0
MinimumVisualStudioVersion = 10.0.40219.1
Project("{9A19103F-16F7-4668-BE54-9A1E7A4F7556}") = "MySQLExample", "MySQLExample.csproj", "{C4DDE13D-691F-436F-95F3-0C0D37395857}"
EndProject
Global
	GlobalSection(SolutionConfigurationPlatforms) = preSolution
		Debug|Any CPU = Debug|Any CPU
		Release|Any CPU = Release|Any CPU
	EndGlobalSection
	GlobalSection(ProjectConfigurationPlatforms) = postSolution
		{C4DDE13D-691F-436F-95F3-0C0D37395857}.Debug|Any CPU.ActiveCfg = Debug|Any CPU
		{C4DDE13D-691F-436F-95F3-0C0D37395857}.Debug|Any CPU.Build.0 = Debug|Any CPU
		{C4DDE13D-691F-436F-95F3-0C0D37395857}.Release|Any CPU.ActiveCfg = Release|Any CPU
		{C4DDE13D-691F-436F-95F3-0C0D37395857}.Release|Any CPU.Build.0 = Release|Any CPU
	EndGlobalSection
	GlobalSection(SolutionProperties) = preSolution
		HideSolutionNode = FALSE
	EndGlobalSection
	GlobalSection(ExtensibilityGlobals) = postSolution
		SolutionGuid = {6DFF7ABE-7E65-4D27-81A4-7C278BF79680}
	EndGlobalSection
EndGlobal
